
Microsoft Visual Studio Solution File, Format Version 12.00
# Visual Studio Version 16
VisualStudioVersion = 16.0.31729.503
MinimumVisualStudioVersion = 10.0.40219.1
Project("{FAE04EC0-301F-11D3-BF4B-00C04F79EFBC}") = "EST_window", "EST_window\EST_window.csproj", "{7A944E8F-FDA2-4C41-B6B2-7E48CB2F5AD2}"
EndProject
Project("{54435603-DBB4-11D2-8724-00A0C9A8B90C}") = "EST_Installer", "EST_Installer\EST_Installer.vdproj", "{1E4F637B-C130-4D29-8368-F7200D261A2F}"
EndProject
Project("{2150E333-8FDC-42A3-9474-1A3956D46DE8}") = "Solution Items", "Solution Items", "{02BBA2A8-9698-498C-BB18-DDAEB49FE1A4}"
	ProjectSection(SolutionItems) = preProject
		README.md = README.md
	EndProjectSection
EndProject
Global
	GlobalSection(SolutionConfigurationPlatforms) = preSolution
		Debug|Any CPU = Debug|Any CPU
		Release|Any CPU = Release|Any CPU
	EndGlobalSection
	GlobalSection(ProjectConfigurationPlatforms) = postSolution
		{7A944E8F-FDA2-4C41-B6B2-7E48CB2F5AD2}.Debug|Any CPU.ActiveCfg = Debug|Any CPU
		{7A944E8F-FDA2-4C41-B6B2-7E48CB2F5AD2}.Debug|Any CPU.Build.0 = Debug|Any CPU
		{7A944E8F-FDA2-4C41-B6B2-7E48CB2F5AD2}.Release|Any CPU.ActiveCfg = Release|Any CPU
		{7A944E8F-FDA2-4C41-B6B2-7E48CB2F5AD2}.Release|Any CPU.Build.0 = Release|Any CPU
		{1E4F637B-C130-4D29-8368-F7200D261A2F}.Debug|Any CPU.ActiveCfg = Debug
		{1E4F637B-C130-4D29-8368-F7200D261A2F}.Release|Any CPU.ActiveCfg = Release
	EndGlobalSection
	GlobalSection(SolutionProperties) = preSolution
		HideSolutionNode = FALSE
	EndGlobalSection
	GlobalSection(ExtensibilityGlobals) = postSolution
		SolutionGuid = {447F2F3F-F248-40D7-8256-1223FDBD8D38}
	EndGlobalSection
EndGlobal
